// !$*UTF8*$!
{
	archiveVersion = 1;
	classes = {
	};
	objectVersion = 56;
	objects = {

/* Begin PBXBuildFile section */
		E16A732D2C2F407C00DB7839 /* LittleLemonApp.swift in Sources */ = {isa = PBXBuildFile; fileRef = E16A732C2C2F407C00DB7839 /* LittleLemonApp.swift */; };
		E16A73312C2F407E00DB7839 /* Assets.xcassets in Resources */ = {isa = PBXBuildFile; fileRef = E16A73302C2F407E00DB7839 /* Assets.xcassets */; };
		E16A73342C2F407E00DB7839 /* Preview Assets.xcassets in Resources */ = {isa = PBXBuildFile; fileRef = E16A73332C2F407E00DB7839 /* Preview Assets.xcassets */; };
		E16A73362C2F407E00DB7839 /* Persistence.swift in Sources */ = {isa = PBXBuildFile; fileRef = E16A73352C2F407E00DB7839 /* Persistence.swift */; };
		E16A73392C2F407E00DB7839 /* LittleLemon.xcdatamodeld in Sources */ = {isa = PBXBuildFile; fileRef = E16A73372C2F407E00DB7839 /* LittleLemon.xcdatamodeld */; };
		E16A73432C2F407E00DB7839 /* LittleLemonTests.swift in Sources */ = {isa = PBXBuildFile; fileRef = E16A73422C2F407E00DB7839 /* LittleLemonTests.swift */; };
		E16A734D2C2F407F00DB7839 /* LittleLemonUITests.swift in Sources */ = {isa = PBXBuildFile; fileRef = E16A734C2C2F407F00DB7839 /* LittleLemonUITests.swift */; };
		E16A734F2C2F407F00DB7839 /* LittleLemonUITestsLaunchTests.swift in Sources */ = {isa = PBXBuildFile; fileRef = E16A734E2C2F407F00DB7839 /* LittleLemonUITestsLaunchTests.swift */; };
		E16A735C2C2F40DF00DB7839 /* Onboarding.swift in Sources */ = {isa = PBXBuildFile; fileRef = E16A735B2C2F40DF00DB7839 /* Onboarding.swift */; };
		E16A735E2C2F4D4F00DB7839 /* Home.swift in Sources */ = {isa = PBXBuildFile; fileRef = E16A735D2C2F4D4F00DB7839 /* Home.swift */; };
		E16A73602C2F4D9300DB7839 /* Menu.swift in Sources */ = {isa = PBXBuildFile; fileRef = E16A735F2C2F4D9300DB7839 /* Menu.swift */; };
		E184651C2C2F5809009C4278 /* UserProfile.swift in Sources */ = {isa = PBXBuildFile; fileRef = E184651B2C2F5809009C4278 /* UserProfile.swift */; };
/* End PBXBuildFile section */

/* Begin PBXContainerItemProxy section */
		E16A733F2C2F407E00DB7839 /* PBXContainerItemProxy */ = {
			isa = PBXContainerItemProxy;
			containerPortal = E16A73212C2F407C00DB7839 /* Project object */;
			proxyType = 1;
			remoteGlobalIDString = E16A73282C2F407C00DB7839;
			remoteInfo = LittleLemon;
		};
		E16A73492C2F407F00DB7839 /* PBXContainerItemProxy */ = {
			isa = PBXContainerItemProxy;
			containerPortal = E16A73212C2F407C00DB7839 /* Project object */;
			proxyType = 1;
			remoteGlobalIDString = E16A73282C2F407C00DB7839;
			remoteInfo = LittleLemon;
		};
/* End PBXContainerItemProxy section */

/* Begin PBXFileReference section */
		E16A73292C2F407C00DB7839 /* LittleLemon.app */ = {isa = PBXFileReference; explicitFileType = wrapper.application; includeInIndex = 0; path = LittleLemon.app; sourceTree = BUILT_PRODUCTS_DIR; };
		E16A732C2C2F407C00DB7839 /* LittleLemonApp.swift */ = {isa = PBXFileReference; lastKnownFileType = sourcecode.swift; path = LittleLemonApp.swift; sourceTree = "<group>"; };
		E16A73302C2F407E00DB7839 /* Assets.xcassets */ = {isa = PBXFileReference; lastKnownFileType = folder.assetcatalog; path = Assets.xcassets; sourceTree = "<group>"; };
		E16A73332C2F407E00DB7839 /* Preview Assets.xcassets */ = {isa = PBXFileReference; lastKnownFileType = folder.assetcatalog; path = "Preview Assets.xcassets"; sourceTree = "<group>"; };
		E16A73352C2F407E00DB7839 /* Persistence.swift */ = {isa = PBXFileReference; lastKnownFileType = sourcecode.swift; path = Persistence.swift; sourceTree = "<group>"; };
		E16A73382C2F407E00DB7839 /* LittleLemon.xcdatamodel */ = {isa = PBXFileReference; lastKnownFileType = wrapper.xcdatamodel; path = LittleLemon.xcdatamodel; sourceTree = "<group>"; };
		E16A733E2C2F407E00DB7839 /* LittleLemonTests.xctest */ = {isa = PBXFileReference; explicitFileType = wrapper.cfbundle; includeInIndex = 0; path = LittleLemonTests.xctest; sourceTree = BUILT_PRODUCTS_DIR; };
		E16A73422C2F407E00DB7839 /* LittleLemonTests.swift */ = {isa = PBXFileReference; lastKnownFileType = sourcecode.swift; path = LittleLemonTests.swift; sourceTree = "<group>"; };
		E16A73482C2F407F00DB7839 /* LittleLemonUITests.xctest */ = {isa = PBXFileReference; explicitFileType = wrapper.cfbundle; includeInIndex = 0; path = LittleLemonUITests.xctest; sourceTree = BUILT_PRODUCTS_DIR; };
		E16A734C2C2F407F00DB7839 /* LittleLemonUITests.swift */ = {isa = PBXFileReference; lastKnownFileType = sourcecode.swift; path = LittleLemonUITests.swift; sourceTree = "<group>"; };
		E16A734E2C2F407F00DB7839 /* LittleLemonUITestsLaunchTests.swift */ = {isa = PBXFileReference; lastKnownFileType = sourcecode.swift; path = LittleLemonUITestsLaunchTests.swift; sourceTree = "<group>"; };
		E16A735B2C2F40DF00DB7839 /* Onboarding.swift */ = {isa = PBXFileReference; lastKnownFileType = sourcecode.swift; path = Onboarding.swift; sourceTree = "<group>"; };
		E16A735D2C2F4D4F00DB7839 /* Home.swift */ = {isa = PBXFileReference; lastKnownFileType = sourcecode.swift; path = Home.swift; sourceTree = "<group>"; };
		E16A735F2C2F4D9300DB7839 /* Menu.swift */ = {isa = PBXFileReference; lastKnownFileType = sourcecode.swift; path = Menu.swift; sourceTree = "<group>"; };
		E184651B2C2F5809009C4278 /* UserProfile.swift */ = {isa = PBXFileReference; lastKnownFileType = sourcecode.swift; path = UserProfile.swift; sourceTree = "<group>"; };
/* End PBXFileReference section */

/* Begin PBXFrameworksBuildPhase section */
		E16A73262C2F407C00DB7839 /* Frameworks */ = {
			isa = PBXFrameworksBuildPhase;
			buildActionMask = 2147483647;
			files = (
			);
			runOnlyForDeploymentPostprocessing = 0;
		};
		E16A733B2C2F407E00DB7839 /* Frameworks */ = {
			isa = PBXFrameworksBuildPhase;
			buildActionMask = 2147483647;
			files = (
			);
			runOnlyForDeploymentPostprocessing = 0;
		};
		E16A73452C2F407F00DB7839 /* Frameworks */ = {
			isa = PBXFrameworksBuildPhase;
			buildActionMask = 2147483647;
			files = (
			);
			runOnlyForDeploymentPostprocessing = 0;
		};
/* End PBXFrameworksBuildPhase section */

/* Begin PBXGroup section */
		E16A73202C2F407C00DB7839 = {
			isa = PBXGroup;
			children = (
				E16A732B2C2F407C00DB7839 /* LittleLemon */,
				E16A73412C2F407E00DB7839 /* LittleLemonTests */,
				E16A734B2C2F407F00DB7839 /* LittleLemonUITests */,
				E16A732A2C2F407C00DB7839 /* Products */,
			);
			sourceTree = "<group>";
		};
		E16A732A2C2F407C00DB7839 /* Products */ = {
			isa = PBXGroup;
			children = (
				E16A73292C2F407C00DB7839 /* LittleLemon.app */,
				E16A733E2C2F407E00DB7839 /* LittleLemonTests.xctest */,
				E16A73482C2F407F00DB7839 /* LittleLemonUITests.xctest */,
			);
			name = Products;
			sourceTree = "<group>";
		};
		E16A732B2C2F407C00DB7839 /* LittleLemon */ = {
			isa = PBXGroup;
			children = (
				E16A73612C2F4DAD00DB7839 /* Views */,
				E16A732C2C2F407C00DB7839 /* LittleLemonApp.swift */,
				E16A73302C2F407E00DB7839 /* Assets.xcassets */,
				E16A73352C2F407E00DB7839 /* Persistence.swift */,
				E16A73372C2F407E00DB7839 /* LittleLemon.xcdatamodeld */,
				E16A73322C2F407E00DB7839 /* Preview Content */,
			);
			path = LittleLemon;
			sourceTree = "<group>";
		};
		E16A73322C2F407E00DB7839 /* Preview Content */ = {
			isa = PBXGroup;
			children = (
				E16A73332C2F407E00DB7839 /* Preview Assets.xcassets */,
			);
			path = "Preview Content";
			sourceTree = "<group>";
		};
		E16A73412C2F407E00DB7839 /* LittleLemonTests */ = {
			isa = PBXGroup;
			children = (
				E16A73422C2F407E00DB7839 /* LittleLemonTests.swift */,
			);
			path = LittleLemonTests;
			sourceTree = "<group>";
		};
		E16A734B2C2F407F00DB7839 /* LittleLemonUITests */ = {
			isa = PBXGroup;
			children = (
				E16A734C2C2F407F00DB7839 /* LittleLemonUITests.swift */,
				E16A734E2C2F407F00DB7839 /* LittleLemonUITestsLaunchTests.swift */,
			);
			path = LittleLemonUITests;
			sourceTree = "<group>";
		};
		E16A73612C2F4DAD00DB7839 /* Views */ = {
			isa = PBXGroup;
			children = (
				E16A735B2C2F40DF00DB7839 /* Onboarding.swift */,
				E16A735D2C2F4D4F00DB7839 /* Home.swift */,
				E16A735F2C2F4D9300DB7839 /* Menu.swift */,
				E184651B2C2F5809009C4278 /* UserProfile.swift */,
			);
			path = Views;
			sourceTree = "<group>";
		};
/* End PBXGroup section */

/* Begin PBXNativeTarget section */
		E16A73282C2F407C00DB7839 /* LittleLemon */ = {
			isa = PBXNativeTarget;
			buildConfigurationList = E16A73522C2F407F00DB7839 /* Build configuration list for PBXNativeTarget "LittleLemon" */;
			buildPhases = (
				E16A73252C2F407C00DB7839 /* Sources */,
				E16A73262C2F407C00DB7839 /* Frameworks */,
				E16A73272C2F407C00DB7839 /* Resources */,
			);
			buildRules = (
			);
			dependencies = (
			);
			name = LittleLemon;
			productName = LittleLemon;
			productReference = E16A73292C2F407C00DB7839 /* LittleLemon.app */;
			productType = "com.apple.product-type.application";
		};
		E16A733D2C2F407E00DB7839 /* LittleLemonTests */ = {
			isa = PBXNativeTarget;
			buildConfigurationList = E16A73552C2F407F00DB7839 /* Build configuration list for PBXNativeTarget "LittleLemonTests" */;
			buildPhases = (
				E16A733A2C2F407E00DB7839 /* Sources */,
				E16A733B2C2F407E00DB7839 /* Frameworks */,
				E16A733C2C2F407E00DB7839 /* Resources */,
			);
			buildRules = (
			);
			dependencies = (
				E16A73402C2F407E00DB7839 /* PBXTargetDependency */,
			);
			name = LittleLemonTests;
			productName = LittleLemonTests;
			productReference = E16A733E2C2F407E00DB7839 /* LittleLemonTests.xctest */;
			productType = "com.apple.product-type.bundle.unit-test";
		};
		E16A73472C2F407F00DB7839 /* LittleLemonUITests */ = {
			isa = PBXNativeTarget;
			buildConfigurationList = E16A73582C2F407F00DB7839 /* Build configuration list for PBXNativeTarget "LittleLemonUITests" */;
			buildPhases = (
				E16A73442C2F407F00DB7839 /* Sources */,
				E16A73452C2F407F00DB7839 /* Frameworks */,
				E16A73462C2F407F00DB7839 /* Resources */,
			);
			buildRules = (
			);
			dependencies = (
				E16A734A2C2F407F00DB7839 /* PBXTargetDependency */,
			);
			name = LittleLemonUITests;
			productName = LittleLemonUITests;
			productReference = E16A73482C2F407F00DB7839 /* LittleLemonUITests.xctest */;
			productType = "com.apple.product-type.bundle.ui-testing";
		};
/* End PBXNativeTarget section */

/* Begin PBXProject section */
		E16A73212C2F407C00DB7839 /* Project object */ = {
			isa = PBXProject;
			attributes = {
				BuildIndependentTargetsInParallel = 1;
				LastSwiftUpdateCheck = 1540;
				LastUpgradeCheck = 1540;
				TargetAttributes = {
					E16A73282C2F407C00DB7839 = {
						CreatedOnToolsVersion = 15.4;
					};
					E16A733D2C2F407E00DB7839 = {
						CreatedOnToolsVersion = 15.4;
						TestTargetID = E16A73282C2F407C00DB7839;
					};
					E16A73472C2F407F00DB7839 = {
						CreatedOnToolsVersion = 15.4;
						TestTargetID = E16A73282C2F407C00DB7839;
					};
				};
			};
			buildConfigurationList = E16A73242C2F407C00DB7839 /* Build configuration list for PBXProject "LittleLemon" */;
			compatibilityVersion = "Xcode 14.0";
			developmentRegion = en;
			hasScannedForEncodings = 0;
			knownRegions = (
				en,
				Base,
			);
			mainGroup = E16A73202C2F407C00DB7839;
			productRefGroup = E16A732A2C2F407C00DB7839 /* Products */;
			projectDirPath = "";
			projectRoot = "";
			targets = (
				E16A73282C2F407C00DB7839 /* LittleLemon */,
				E16A733D2C2F407E00DB7839 /* LittleLemonTests */,
				E16A73472C2F407F00DB7839 /* LittleLemonUITests */,
			);
		};
/* End PBXProject section */

/* Begin PBXResourcesBuildPhase section */
		E16A73272C2F407C00DB7839 /* Resources */ = {
			isa = PBXResourcesBuildPhase;
			buildActionMask = 2147483647;
			files = (
				E16A73342C2F407E00DB7839 /* Preview Assets.xcassets in Resources */,
				E16A73312C2F407E00DB7839 /* Assets.xcassets in Resources */,
			);
			runOnlyForDeploymentPostprocessing = 0;
		};
		E16A733C2C2F407E00DB7839 /* Resources */ = {
			isa = PBXResourcesBuildPhase;
			buildActionMask = 2147483647;
			files = (
			);
			runOnlyForDeploymentPostprocessing = 0;
		};
		E16A73462C2F407F00DB7839 /* Resources */ = {
			isa = PBXResourcesBuildPhase;
			buildActionMask = 2147483647;
			files = (
			);
			runOnlyForDeploymentPostprocessing = 0;
		};
/* End PBXResourcesBuildPhase section */

/* Begin PBXSourcesBuildPhase section */
		E16A73252C2F407C00DB7839 /* Sources */ = {
			isa = PBXSourcesBuildPhase;
			buildActionMask = 2147483647;
			files = (
				E16A73602C2F4D9300DB7839 /* Menu.swift in Sources */,
				E16A73362C2F407E00DB7839 /* Persistence.swift in Sources */,
				E184651C2C2F5809009C4278 /* UserProfile.swift in Sources */,
				E16A73392C2F407E00DB7839 /* LittleLemon.xcdatamodeld in Sources */,
				E16A735E2C2F4D4F00DB7839 /* Home.swift in Sources */,
				E16A735C2C2F40DF00DB7839 /* Onboarding.swift in Sources */,
				E16A732D2C2F407C00DB7839 /* LittleLemonApp.swift in Sources */,
			);
			runOnlyForDeploymentPostprocessing = 0;
		};
		E16A733A2C2F407E00DB7839 /* Sources */ = {
			isa = PBXSourcesBuildPhase;
			buildActionMask = 2147483647;
			files = (
				E16A73432C2F407E00DB7839 /* LittleLemonTests.swift in Sources */,
			);
			runOnlyForDeploymentPostprocessing = 0;
		};
		E16A73442C2F407F00DB7839 /* Sources */ = {
			isa = PBXSourcesBuildPhase;
			buildActionMask = 2147483647;
			files = (
				E16A734F2C2F407F00DB7839 /* LittleLemonUITestsLaunchTests.swift in Sources */,
				E16A734D2C2F407F00DB7839 /* LittleLemonUITests.swift in Sources */,
			);
			runOnlyForDeploymentPostprocessing = 0;
		};
/* End PBXSourcesBuildPhase section */

/* Begin PBXTargetDependency section */
		E16A73402C2F407E00DB7839 /* PBXTargetDependency */ = {
			isa = PBXTargetDependency;
			target = E16A73282C2F407C00DB7839 /* LittleLemon */;
			targetProxy = E16A733F2C2F407E00DB7839 /* PBXContainerItemProxy */;
		};
		E16A734A2C2F407F00DB7839 /* PBXTargetDependency */ = {
			isa = PBXTargetDependency;
			target = E16A73282C2F407C00DB7839 /* LittleLemon */;
			targetProxy = E16A73492C2F407F00DB7839 /* PBXContainerItemProxy */;
		};
/* End PBXTargetDependency section */

/* Begin XCBuildConfiguration section */
		E16A73502C2F407F00DB7839 /* Debug */ = {
			isa = XCBuildConfiguration;
			buildSettings = {
				ALWAYS_SEARCH_USER_PATHS = NO;
				ASSETCATALOG_COMPILER_GENERATE_SWIFT_ASSET_SYMBOL_EXTENSIONS = YES;
				CLANG_ANALYZER_NONNULL = YES;
				CLANG_ANALYZER_NUMBER_OBJECT_CONVERSION = YES_AGGRESSIVE;
				CLANG_CXX_LANGUAGE_STANDARD = "gnu++20";
				CLANG_ENABLE_MODULES = YES;
				CLANG_ENABLE_OBJC_ARC = YES;
				CLANG_ENABLE_OBJC_WEAK = YES;
				CLANG_WARN_BLOCK_CAPTURE_AUTORELEASING = YES;
				CLANG_WARN_BOOL_CONVERSION = YES;
				CLANG_WARN_COMMA = YES;
				CLANG_WARN_CONSTANT_CONVERSION = YES;
				CLANG_WARN_DEPRECATED_OBJC_IMPLEMENTATIONS = YES;
				CLANG_WARN_DIRECT_OBJC_ISA_USAGE = YES_ERROR;
				CLANG_WARN_DOCUMENTATION_COMMENTS = YES;
				CLANG_WARN_EMPTY_BODY = YES;
				CLANG_WARN_ENUM_CONVERSION = YES;
				CLANG_WARN_INFINITE_RECURSION = YES;
				CLANG_WARN_INT_CONVERSION = YES;
				CLANG_WARN_NON_LITERAL_NULL_CONVERSION = YES;
				CLANG_WARN_OBJC_IMPLICIT_RETAIN_SELF = YES;
				CLANG_WARN_OBJC_LITERAL_CONVERSION = YES;
				CLANG_WARN_OBJC_ROOT_CLASS = YES_ERROR;
				CLANG_WARN_QUOTED_INCLUDE_IN_FRAMEWORK_HEADER = YES;
				CLANG_WARN_RANGE_LOOP_ANALYSIS = YES;
				CLANG_WARN_STRICT_PROTOTYPES = YES;
				CLANG_WARN_SUSPICIOUS_MOVE = YES;
				CLANG_WARN_UNGUARDED_AVAILABILITY = YES_AGGRESSIVE;
				CLANG_WARN_UNREACHABLE_CODE = YES;
				CLANG_WARN__DUPLICATE_METHOD_MATCH = YES;
				COPY_PHASE_STRIP = NO;
				DEBUG_INFORMATION_FORMAT = dwarf;
				ENABLE_STRICT_OBJC_MSGSEND = YES;
				ENABLE_TESTABILITY = YES;
				ENABLE_USER_SCRIPT_SANDBOXING = YES;
				GCC_C_LANGUAGE_STANDARD = gnu17;
				GCC_DYNAMIC_NO_PIC = NO;
				GCC_NO_COMMON_BLOCKS = YES;
				GCC_OPTIMIZATION_LEVEL = 0;
				GCC_PREPROCESSOR_DEFINITIONS = (
					"DEBUG=1",
					"$(inherited)",
				);
				GCC_WARN_64_TO_32_BIT_CONVERSION = YES;
				GCC_WARN_ABOUT_RETURN_TYPE = YES_ERROR;
				GCC_WARN_UNDECLARED_SELECTOR = YES;
				GCC_WARN_UNINITIALIZED_AUTOS = YES_AGGRESSIVE;
				GCC_WARN_UNUSED_FUNCTION = YES;
				GCC_WARN_UNUSED_VARIABLE = YES;
				IPHONEOS_DEPLOYMENT_TARGET = 17.5;
				LOCALIZATION_PREFERS_STRING_CATALOGS = YES;
				MTL_ENABLE_DEBUG_INFO = INCLUDE_SOURCE;
				MTL_FAST_MATH = YES;
				ONLY_ACTIVE_ARCH = YES;
				SDKROOT = iphoneos;
				SWIFT_ACTIVE_COMPILATION_CONDITIONS = "DEBUG $(inherited)";
				SWIFT_OPTIMIZATION_LEVEL = "-Onone";
			};
			name = Debug;
		};
		E16A73512C2F407F00DB7839 /* Release */ = {
			isa = XCBuildConfiguration;
			buildSettings = {
				ALWAYS_SEARCH_USER_PATHS = NO;
				ASSETCATALOG_COMPILER_GENERATE_SWIFT_ASSET_SYMBOL_EXTENSIONS = YES;
				CLANG_ANALYZER_NONNULL = YES;
				CLANG_ANALYZER_NUMBER_OBJECT_CONVERSION = YES_AGGRESSIVE;
				CLANG_CXX_LANGUAGE_STANDARD = "gnu++20";
				CLANG_ENABLE_MODULES = YES;
				CLANG_ENABLE_OBJC_ARC = YES;
				CLANG_ENABLE_OBJC_WEAK = YES;
				CLANG_WARN_BLOCK_CAPTURE_AUTORELEASING = YES;
				CLANG_WARN_BOOL_CONVERSION = YES;
				CLANG_WARN_COMMA = YES;
				CLANG_WARN_CONSTANT_CONVERSION = YES;
				CLANG_WARN_DEPRECATED_OBJC_IMPLEMENTATIONS = YES;
				CLANG_WARN_DIRECT_OBJC_ISA_USAGE = YES_ERROR;
				CLANG_WARN_DOCUMENTATION_COMMENTS = YES;
				CLANG_WARN_EMPTY_BODY = YES;
				CLANG_WARN_ENUM_CONVERSION = YES;
				CLANG_WARN_INFINITE_RECURSION = YES;
				CLANG_WARN_INT_CONVERSION = YES;
				CLANG_WARN_NON_LITERAL_NULL_CONVERSION = YES;
				CLANG_WARN_OBJC_IMPLICIT_RETAIN_SELF = YES;
				CLANG_WARN_OBJC_LITERAL_CONVERSION = YES;
				CLANG_WARN_OBJC_ROOT_CLASS = YES_ERROR;
				CLANG_WARN_QUOTED_INCLUDE_IN_FRAMEWORK_HEADER = YES;
				CLANG_WARN_RANGE_LOOP_ANALYSIS = YES;
				CLANG_WARN_STRICT_PROTOTYPES = YES;
				CLANG_WARN_SUSPICIOUS_MOVE = YES;
				CLANG_WARN_UNGUARDED_AVAILABILITY = YES_AGGRESSIVE;
				CLANG_WARN_UNREACHABLE_CODE = YES;
				CLANG_WARN__DUPLICATE_METHOD_MATCH = YES;
				COPY_PHASE_STRIP = NO;
				DEBUG_INFORMATION_FORMAT = "dwarf-with-dsym";
				ENABLE_NS_ASSERTIONS = NO;
				ENABLE_STRICT_OBJC_MSGSEND = YES;
				ENABLE_USER_SCRIPT_SANDBOXING = YES;
				GCC_C_LANGUAGE_STANDARD = gnu17;
				GCC_NO_COMMON_BLOCKS = YES;
				GCC_WARN_64_TO_32_BIT_CONVERSION = YES;
				GCC_WARN_ABOUT_RETURN_TYPE = YES_ERROR;
				GCC_WARN_UNDECLARED_SELECTOR = YES;
				GCC_WARN_UNINITIALIZED_AUTOS = YES_AGGRESSIVE;
				GCC_WARN_UNUSED_FUNCTION = YES;
				GCC_WARN_UNUSED_VARIABLE = YES;
				IPHONEOS_DEPLOYMENT_TARGET = 17.5;
				LOCALIZATION_PREFERS_STRING_CATALOGS = YES;
				MTL_ENABLE_DEBUG_INFO = NO;
				MTL_FAST_MATH = YES;
				SDKROOT = iphoneos;
				SWIFT_COMPILATION_MODE = wholemodule;
				VALIDATE_PRODUCT = YES;
			};
			name = Release;
		};
		E16A73532C2F407F00DB7839 /* Debug */ = {
			isa = XCBuildConfiguration;
			buildSettings = {
				ASSETCATALOG_COMPILER_APPICON_NAME = AppIcon;
				ASSETCATALOG_COMPILER_GLOBAL_ACCENT_COLOR_NAME = AccentColor;
				CODE_SIGN_STYLE = Automatic;
				CURRENT_PROJECT_VERSION = 1;
				DEVELOPMENT_ASSET_PATHS = "\"LittleLemon/Preview Content\"";
				ENABLE_PREVIEWS = YES;
				GENERATE_INFOPLIST_FILE = YES;
				INFOPLIST_KEY_UIApplicationSceneManifest_Generation = YES;
				INFOPLIST_KEY_UIApplicationSupportsIndirectInputEvents = YES;
				INFOPLIST_KEY_UILaunchScreen_Generation = YES;
				INFOPLIST_KEY_UISupportedInterfaceOrientations_iPad = "UIInterfaceOrientationPortrait UIInterfaceOrientationPortraitUpsideDown UIInterfaceOrientationLandscapeLeft UIInterfaceOrientationLandscapeRight";
				INFOPLIST_KEY_UISupportedInterfaceOrientations_iPhone = "UIInterfaceOrientationPortrait UIInterfaceOrientationLandscapeLeft UIInterfaceOrientationLandscapeRight";
				LD_RUNPATH_SEARCH_PATHS = (
					"$(inherited)",
					"@executable_path/Frameworks",
				);
				MARKETING_VERSION = 1.0;
				PRODUCT_BUNDLE_IDENTIFIER = lilyeongung.LittleLemon;
				PRODUCT_NAME = "$(TARGET_NAME)";
				SWIFT_EMIT_LOC_STRINGS = YES;
				SWIFT_VERSION = 5.0;
				TARGETED_DEVICE_FAMILY = "1,2";
			};
			name = Debug;
		};
		E16A73542C2F407F00DB7839 /* Release */ = {
			isa = XCBuildConfiguration;
			buildSettings = {
				ASSETCATALOG_COMPILER_APPICON_NAME = AppIcon;
				ASSETCATALOG_COMPILER_GLOBAL_ACCENT_COLOR_NAME = AccentColor;
				CODE_SIGN_STYLE = Automatic;
				CURRENT_PROJECT_VERSION = 1;
				DEVELOPMENT_ASSET_PATHS = "\"LittleLemon/Preview Content\"";
				ENABLE_PREVIEWS = YES;
				GENERATE_INFOPLIST_FILE = YES;
				INFOPLIST_KEY_UIApplicationSceneManifest_Generation = YES;
				INFOPLIST_KEY_UIApplicationSupportsIndirectInputEvents = YES;
				INFOPLIST_KEY_UILaunchScreen_Generation = YES;
				INFOPLIST_KEY_UISupportedInterfaceOrientations_iPad = "UIInterfaceOrientationPortrait UIInterfaceOrientationPortraitUpsideDown UIInterfaceOrientationLandscapeLeft UIInterfaceOrientationLandscapeRight";
				INFOPLIST_KEY_UISupportedInterfaceOrientations_iPhone = "UIInterfaceOrientationPortrait UIInterfaceOrientationLandscapeLeft UIInterfaceOrientationLandscapeRight";
				LD_RUNPATH_SEARCH_PATHS = (
					"$(inherited)",
					"@executable_path/Frameworks",
				);
				MARKETING_VERSION = 1.0;
				PRODUCT_BUNDLE_IDENTIFIER = lilyeongung.LittleLemon;
				PRODUCT_NAME = "$(TARGET_NAME)";
				SWIFT_EMIT_LOC_STRINGS = YES;
				SWIFT_VERSION = 5.0;
				TARGETED_DEVICE_FAMILY = "1,2";
			};
			name = Release;
		};
		E16A73562C2F407F00DB7839 /* Debug */ = {
			isa = XCBuildConfiguration;
			buildSettings = {
				ALWAYS_EMBED_SWIFT_STANDARD_LIBRARIES = YES;
				BUNDLE_LOADER = "$(TEST_HOST)";
				CODE_SIGN_STYLE = Automatic;
				CURRENT_PROJECT_VERSION = 1;
				GENERATE_INFOPLIST_FILE = YES;
				IPHONEOS_DEPLOYMENT_TARGET = 17.5;
				MARKETING_VERSION = 1.0;
				PRODUCT_BUNDLE_IDENTIFIER = lilyeongung.LittleLemonTests;
				PRODUCT_NAME = "$(TARGET_NAME)";
				SWIFT_EMIT_LOC_STRINGS = NO;
				SWIFT_VERSION = 5.0;
				TARGETED_DEVICE_FAMILY = "1,2";
				TEST_HOST = "$(BUILT_PRODUCTS_DIR)/LittleLemon.app/$(BUNDLE_EXECUTABLE_FOLDER_PATH)/LittleLemon";
			};
			name = Debug;
		};
		E16A73572C2F407F00DB7839 /* Release */ = {
			isa = XCBuildConfiguration;
			buildSettings = {
				ALWAYS_EMBED_SWIFT_STANDARD_LIBRARIES = YES;
				BUNDLE_LOADER = "$(TEST_HOST)";
				CODE_SIGN_STYLE = Automatic;
				CURRENT_PROJECT_VERSION = 1;
				GENERATE_INFOPLIST_FILE = YES;
				IPHONEOS_DEPLOYMENT_TARGET = 17.5;
				MARKETING_VERSION = 1.0;
				PRODUCT_BUNDLE_IDENTIFIER = lilyeongung.LittleLemonTests;
				PRODUCT_NAME = "$(TARGET_NAME)";
				SWIFT_EMIT_LOC_STRINGS = NO;
				SWIFT_VERSION = 5.0;
				TARGETED_DEVICE_FAMILY = "1,2";
				TEST_HOST = "$(BUILT_PRODUCTS_DIR)/LittleLemon.app/$(BUNDLE_EXECUTABLE_FOLDER_PATH)/LittleLemon";
			};
			name = Release;
		};
		E16A73592C2F407F00DB7839 /* Debug */ = {
			isa = XCBuildConfiguration;
			buildSettings = {
				ALWAYS_EMBED_SWIFT_STANDARD_LIBRARIES = YES;
				CODE_SIGN_STYLE = Automatic;
				CURRENT_PROJECT_VERSION = 1;
				GENERATE_INFOPLIST_FILE = YES;
				MARKETING_VERSION = 1.0;
				PRODUCT_BUNDLE_IDENTIFIER = lilyeongung.LittleLemonUITests;
				PRODUCT_NAME = "$(TARGET_NAME)";
				SWIFT_EMIT_LOC_STRINGS = NO;
				SWIFT_VERSION = 5.0;
				TARGETED_DEVICE_FAMILY = "1,2";
				TEST_TARGET_NAME = LittleLemon;
			};
			name = Debug;
		};
		E16A735A2C2F407F00DB7839 /* Release */ = {
			isa = XCBuildConfiguration;
			buildSettings = {
				ALWAYS_EMBED_SWIFT_STANDARD_LIBRARIES = YES;
				CODE_SIGN_STYLE = Automatic;
				CURRENT_PROJECT_VERSION = 1;
				GENERATE_INFOPLIST_FILE = YES;
				MARKETING_VERSION = 1.0;
				PRODUCT_BUNDLE_IDENTIFIER = lilyeongung.LittleLemonUITests;
				PRODUCT_NAME = "$(TARGET_NAME)";
				SWIFT_EMIT_LOC_STRINGS = NO;
				SWIFT_VERSION = 5.0;
				TARGETED_DEVICE_FAMILY = "1,2";
				TEST_TARGET_NAME = LittleLemon;
			};
			name = Release;
		};
/* End XCBuildConfiguration section */

/* Begin XCConfigurationList section */
		E16A73242C2F407C00DB7839 /* Build configuration list for PBXProject "LittleLemon" */ = {
			isa = XCConfigurationList;
			buildConfigurations = (
				E16A73502C2F407F00DB7839 /* Debug */,
				E16A73512C2F407F00DB7839 /* Release */,
			);
			defaultConfigurationIsVisible = 0;
			defaultConfigurationName = Release;
		};
		E16A73522C2F407F00DB7839 /* Build configuration list for PBXNativeTarget "LittleLemon" */ = {
			isa = XCConfigurationList;
			buildConfigurations = (
				E16A73532C2F407F00DB7839 /* Debug */,
				E16A73542C2F407F00DB7839 /* Release */,
			);
			defaultConfigurationIsVisible = 0;
			defaultConfigurationName = Release;
		};
		E16A73552C2F407F00DB7839 /* Build configuration list for PBXNativeTarget "LittleLemonTests" */ = {
			isa = XCConfigurationList;
			buildConfigurations = (
				E16A73562C2F407F00DB7839 /* Debug */,
				E16A73572C2F407F00DB7839 /* Release */,
			);
			defaultConfigurationIsVisible = 0;
			defaultConfigurationName = Release;
		};
		E16A73582C2F407F00DB7839 /* Build configuration list for PBXNativeTarget "LittleLemonUITests" */ = {
			isa = XCConfigurationList;
			buildConfigurations = (
				E16A73592C2F407F00DB7839 /* Debug */,
				E16A735A2C2F407F00DB7839 /* Release */,
			);
			defaultConfigurationIsVisible = 0;
			defaultConfigurationName = Release;
		};
/* End XCConfigurationList section */

/* Begin XCVersionGroup section */
		E16A73372C2F407E00DB7839 /* LittleLemon.xcdatamodeld */ = {
			isa = XCVersionGroup;
			children = (
				E16A73382C2F407E00DB7839 /* LittleLemon.xcdatamodel */,
			);
			currentVersion = E16A73382C2F407E00DB7839 /* LittleLemon.xcdatamodel */;
			path = LittleLemon.xcdatamodeld;
			sourceTree = "<group>";
			versionGroupType = wrapper.xcdatamodel;
		};
/* End XCVersionGroup section */
	};
	rootObject = E16A73212C2F407C00DB7839 /* Project object */;
}
